# This file is generated by running "yarn install" inside your project.
# Manual changes might be lost - proceed with caution!

__metadata:
  version: 4
  cacheKey: 8

"@skeldjs/events@npm:^2.14.30":
  version: 2.14.30
  resolution: "@skeldjs/events@npm:2.14.30"
  checksum: faa9722174ca81bcd0216af88bf559402d2319e10c9630248aa5f55d4554d11bb69e370a13a54218acddfbef16bc7512b18a6a7d5a24ae93da8bf2c6d85ce716
  languageName: node
  linkType: hard

"@skeldjs/hindenburg@link:../../Hindenburg::locator=mouthwash-types%40workspace%3A.":
  version: 0.0.0-use.local
  resolution: "@skeldjs/hindenburg@link:../../Hindenburg::locator=mouthwash-types%40workspace%3A."
  languageName: node
  linkType: soft

"hbplugin-mouthwashgg@link:../hbplugin-mouthwashgg::locator=mouthwash-types%40workspace%3A.":
  version: 0.0.0-use.local
  resolution: "hbplugin-mouthwashgg@link:../hbplugin-mouthwashgg::locator=mouthwash-types%40workspace%3A."
  languageName: node
  linkType: soft

"mouthwash-types@workspace:.":
  version: 0.0.0-use.local
  resolution: "mouthwash-types@workspace:."
  dependencies:
    "@skeldjs/events": ^2.14.30
    "@skeldjs/hindenburg": "link:../../Hindenburg"
    hbplugin-mouthwashgg: "link:../hbplugin-mouthwashgg"
    typescript: ^4.4.4
  languageName: unknown
  linkType: soft

typescript@^4.4.4:
  version: 4.4.4
  resolution: "typescript@npm:4.4.4"
  bin:
    tsc: bin/tsc
    tsserver: bin/tsserver
  checksum: 89ecb8436bb48ef5594d49289f5f89103071716b6e4844278f4fb3362856e31203e187a9c76d205c3f0b674d221a058fd28310dbcbcf5d95e9a57229bb5203f1
  languageName: node
  linkType: hard

"typescript@patch:typescript@^4.4.4#~builtin<compat/typescript>":
  version: 4.4.4
  resolution: "typescript@patch:typescript@npm%3A4.4.4#~builtin<compat/typescript>::version=4.4.4&hash=d8b4e7"
  bin:
    tsc: bin/tsc
    tsserver: bin/tsserver
  checksum: 4a639b6886be13616582ab82abdb4ffbbf5b0458069d13c10cd5d44fc1cafa33eab005e8ac8691ad8fae249fee85844bb7d523263c4568fe9a2ca31cd3c91c3d
  languageName: node
  linkType: hard
