# This file is generated by running "yarn install" inside your project.
# Manual changes might be lost - proceed with caution!

__metadata:
  version: 4
  cacheKey: 8

"@skeldjs/hindenburg@link:../../Hindenburg::locator=hbplugin-mouthwashgg%40workspace%3A.":
  version: 0.0.0-use.local
  resolution: "@skeldjs/hindenburg@link:../../Hindenburg::locator=hbplugin-mouthwashgg%40workspace%3A."
  languageName: node
  linkType: soft

"hbplugin-mouthwashgg-api@link:../hbplugin-mouthwashgg-api::locator=hbplugin-mouthwashgg%40workspace%3A.":
  version: 0.0.0-use.local
  resolution: "hbplugin-mouthwashgg-api@link:../hbplugin-mouthwashgg-api::locator=hbplugin-mouthwashgg%40workspace%3A."
  languageName: node
  linkType: soft

"hbplugin-mouthwashgg@workspace:.":
  version: 0.0.0-use.local
  resolution: "hbplugin-mouthwashgg@workspace:."
  dependencies:
    "@skeldjs/hindenburg": "link:../../Hindenburg"
    hbplugin-mouthwashgg-api: "link:../hbplugin-mouthwashgg-api"
    mouthwash-types: "link:../mouthwash-types"
    typescript: ^4.4.4
  languageName: unknown
  linkType: soft

"mouthwash-types@link:../mouthwash-types::locator=hbplugin-mouthwashgg%40workspace%3A.":
  version: 0.0.0-use.local
  resolution: "mouthwash-types@link:../mouthwash-types::locator=hbplugin-mouthwashgg%40workspace%3A."
  languageName: node
  linkType: soft

typescript@^4.4.4:
  version: 4.4.4
  resolution: "typescript@npm:4.4.4"
  bin:
    tsc: bin/tsc
    tsserver: bin/tsserver
  checksum: 89ecb8436bb48ef5594d49289f5f89103071716b6e4844278f4fb3362856e31203e187a9c76d205c3f0b674d221a058fd28310dbcbcf5d95e9a57229bb5203f1
  languageName: node
  linkType: hard

"typescript@patch:typescript@^4.4.4#~builtin<compat/typescript>":
  version: 4.4.4
  resolution: "typescript@patch:typescript@npm%3A4.4.4#~builtin<compat/typescript>::version=4.4.4&hash=d8b4e7"
  bin:
    tsc: bin/tsc
    tsserver: bin/tsserver
  checksum: 4a639b6886be13616582ab82abdb4ffbbf5b0458069d13c10cd5d44fc1cafa33eab005e8ac8691ad8fae249fee85844bb7d523263c4568fe9a2ca31cd3c91c3d
  languageName: node
  linkType: hard
